
Microsoft Visual Studio Solution File, Format Version 12.00
# Visual Studio Version 17
VisualStudioVersion = 17.0.32112.339
MinimumVisualStudioVersion = 10.0.40219.1
Project("{FAE04EC0-301F-11D3-BF4B-00C04F79EFBC}") = "AzureASPProcject", "AzureASPProcject\AzureASPProcject.csproj", "{C55FF467-4761-4FF3-BB10-EB9DFB691DA6}"
EndProject
Global
	GlobalSection(SolutionConfigurationPlatforms) = preSolution
		Debug|Any CPU = Debug|Any CPU
		Release|Any CPU = Release|Any CPU
	EndGlobalSection
	GlobalSection(ProjectConfigurationPlatforms) = postSolution
		{C55FF467-4761-4FF3-BB10-EB9DFB691DA6}.Debug|Any CPU.ActiveCfg = Debug|Any CPU
		{C55FF467-4761-4FF3-BB10-EB9DFB691DA6}.Debug|Any CPU.Build.0 = Debug|Any CPU
		{C55FF467-4761-4FF3-BB10-EB9DFB691DA6}.Release|Any CPU.ActiveCfg = Release|Any CPU
		{C55FF467-4761-4FF3-BB10-EB9DFB691DA6}.Release|Any CPU.Build.0 = Release|Any CPU
	EndGlobalSection
	GlobalSection(SolutionProperties) = preSolution
		HideSolutionNode = FALSE
	EndGlobalSection
	GlobalSection(ExtensibilityGlobals) = postSolution
		SolutionGuid = {6C8C9DB4-6F9A-4371-A885-C520B006AAF0}
	EndGlobalSection
EndGlobal
